
Microsoft Visual Studio Solution File, Format Version 12.00
# Visual Studio Version 17
VisualStudioVersion = 17.3.32825.248
MinimumVisualStudioVersion = 10.0.40219.1
Project("{FAE04EC0-301F-11D3-BF4B-00C04F79EFBC}") = "Desktop Application", "Desktop Application\Desktop Application.csproj", "{EAC56A8E-8814-4092-A927-36B7B2A4B595}"
EndProject
Project("{FAE04EC0-301F-11D3-BF4B-00C04F79EFBC}") = "Web API", "Web API\Web API.csproj", "{A67EEC16-5628-4B2E-BC48-0A15434D579A}"
EndProject
Global
	GlobalSection(SolutionConfigurationPlatforms) = preSolution
		Debug|Any CPU = Debug|Any CPU
		Debug|arm64 = Debug|arm64
		Debug|x64 = Debug|x64
		Debug|x86 = Debug|x86
		Release|Any CPU = Release|Any CPU
		Release|arm64 = Release|arm64
		Release|x64 = Release|x64
		Release|x86 = Release|x86
	EndGlobalSection
	GlobalSection(ProjectConfigurationPlatforms) = postSolution
		{EAC56A8E-8814-4092-A927-36B7B2A4B595}.Debug|Any CPU.ActiveCfg = Debug|x64
		{EAC56A8E-8814-4092-A927-36B7B2A4B595}.Debug|Any CPU.Build.0 = Debug|x64
		{EAC56A8E-8814-4092-A927-36B7B2A4B595}.Debug|Any CPU.Deploy.0 = Debug|x64
		{EAC56A8E-8814-4092-A927-36B7B2A4B595}.Debug|arm64.ActiveCfg = Debug|arm64
		{EAC56A8E-8814-4092-A927-36B7B2A4B595}.Debug|arm64.Build.0 = Debug|arm64
		{EAC56A8E-8814-4092-A927-36B7B2A4B595}.Debug|arm64.Deploy.0 = Debug|arm64
		{EAC56A8E-8814-4092-A927-36B7B2A4B595}.Debug|x64.ActiveCfg = Debug|x64
		{EAC56A8E-8814-4092-A927-36B7B2A4B595}.Debug|x64.Build.0 = Debug|x64
		{EAC56A8E-8814-4092-A927-36B7B2A4B595}.Debug|x64.Deploy.0 = Debug|x64
		{EAC56A8E-8814-4092-A927-36B7B2A4B595}.Debug|x86.ActiveCfg = Debug|x86
		{EAC56A8E-8814-4092-A927-36B7B2A4B595}.Debug|x86.Build.0 = Debug|x86
		{EAC56A8E-8814-4092-A927-36B7B2A4B595}.Debug|x86.Deploy.0 = Debug|x86
		{EAC56A8E-8814-4092-A927-36B7B2A4B595}.Release|Any CPU.ActiveCfg = Release|x64
		{EAC56A8E-8814-4092-A927-36B7B2A4B595}.Release|Any CPU.Build.0 = Release|x64
		{EAC56A8E-8814-4092-A927-36B7B2A4B595}.Release|Any CPU.Deploy.0 = Release|x64
		{EAC56A8E-8814-4092-A927-36B7B2A4B595}.Release|arm64.ActiveCfg = Release|arm64
		{EAC56A8E-8814-4092-A927-36B7B2A4B595}.Release|arm64.Build.0 = Release|arm64
		{EAC56A8E-8814-4092-A927-36B7B2A4B595}.Release|arm64.Deploy.0 = Release|arm64
		{EAC56A8E-8814-4092-A927-36B7B2A4B595}.Release|x64.ActiveCfg = Release|x64
		{EAC56A8E-8814-4092-A927-36B7B2A4B595}.Release|x64.Build.0 = Release|x64
		{EAC56A8E-8814-4092-A927-36B7B2A4B595}.Release|x64.Deploy.0 = Release|x64
		{EAC56A8E-8814-4092-A927-36B7B2A4B595}.Release|x86.ActiveCfg = Release|x86
		{EAC56A8E-8814-4092-A927-36B7B2A4B595}.Release|x86.Build.0 = Release|x86
		{EAC56A8E-8814-4092-A927-36B7B2A4B595}.Release|x86.Deploy.0 = Release|x86
		{A67EEC16-5628-4B2E-BC48-0A15434D579A}.Debug|Any CPU.ActiveCfg = Debug|Any CPU
		{A67EEC16-5628-4B2E-BC48-0A15434D579A}.Debug|Any CPU.Build.0 = Debug|Any CPU
		{A67EEC16-5628-4B2E-BC48-0A15434D579A}.Debug|arm64.ActiveCfg = Debug|Any CPU
		{A67EEC16-5628-4B2E-BC48-0A15434D579A}.Debug|arm64.Build.0 = Debug|Any CPU
		{A67EEC16-5628-4B2E-BC48-0A15434D579A}.Debug|x64.ActiveCfg = Debug|Any CPU
		{A67EEC16-5628-4B2E-BC48-0A15434D579A}.Debug|x64.Build.0 = Debug|Any CPU
		{A67EEC16-5628-4B2E-BC48-0A15434D579A}.Debug|x86.ActiveCfg = Debug|Any CPU
		{A67EEC16-5628-4B2E-BC48-0A15434D579A}.Debug|x86.Build.0 = Debug|Any CPU
		{A67EEC16-5628-4B2E-BC48-0A15434D579A}.Release|Any CPU.ActiveCfg = Release|Any CPU
		{A67EEC16-5628-4B2E-BC48-0A15434D579A}.Release|Any CPU.Build.0 = Release|Any CPU
		{A67EEC16-5628-4B2E-BC48-0A15434D579A}.Release|arm64.ActiveCfg = Release|Any CPU
		{A67EEC16-5628-4B2E-BC48-0A15434D579A}.Release|arm64.Build.0 = Release|Any CPU
		{A67EEC16-5628-4B2E-BC48-0A15434D579A}.Release|x64.ActiveCfg = Release|Any CPU
		{A67EEC16-5628-4B2E-BC48-0A15434D579A}.Release|x64.Build.0 = Release|Any CPU
		{A67EEC16-5628-4B2E-BC48-0A15434D579A}.Release|x86.ActiveCfg = Release|Any CPU
		{A67EEC16-5628-4B2E-BC48-0A15434D579A}.Release|x86.Build.0 = Release|Any CPU
	EndGlobalSection
	GlobalSection(SolutionProperties) = preSolution
		HideSolutionNode = FALSE
	EndGlobalSection
	GlobalSection(ExtensibilityGlobals) = postSolution
		SolutionGuid = {AF31FDFD-86D8-4E5C-B197-2D3A77D5F35C}
	EndGlobalSection
EndGlobal
